// !$*UTF8*$!
{
	archiveVersion = 1;
	classes = {
	};
	objectVersion = 55;
	objects = {

/* Begin PBXBuildFile section */
		56533E772854876900FDABF1 /* hexagonPractice.swift in Sources */ = {isa = PBXBuildFile; fileRef = 56533E762854876900FDABF1 /* hexagonPractice.swift */; };
		56533E79285489B800FDABF1 /* badgeBG.swift in Sources */ = {isa = PBXBuildFile; fileRef = 56533E78285489B800FDABF1 /* badgeBG.swift */; };
		56533E7B2854B18300FDABF1 /* pathPractice.swift in Sources */ = {isa = PBXBuildFile; fileRef = 56533E7A2854B18300FDABF1 /* pathPractice.swift */; };
		56533E802854FAD800FDABF1 /* BadgeSymbol.swift in Sources */ = {isa = PBXBuildFile; fileRef = 56533E7F2854FAD800FDABF1 /* BadgeSymbol.swift */; };
		56533E822855044400FDABF1 /* Badge.swift in Sources */ = {isa = PBXBuildFile; fileRef = 56533E812855044400FDABF1 /* Badge.swift */; };
		566F70D82852624D00246C92 /* landmarkData.json in Resources */ = {isa = PBXBuildFile; fileRef = 566F70D72852624D00246C92 /* landmarkData.json */; };
		566F70DB2852629500246C92 /* Landmark.swift in Sources */ = {isa = PBXBuildFile; fileRef = 566F70DA2852629500246C92 /* Landmark.swift */; };
		566F70DD2852676800246C92 /* ModelData.swift in Sources */ = {isa = PBXBuildFile; fileRef = 566F70DC2852676800246C92 /* ModelData.swift */; };
		566F70E028526B7600246C92 /* LandmarkRow.swift in Sources */ = {isa = PBXBuildFile; fileRef = 566F70DF28526B7600246C92 /* LandmarkRow.swift */; };
		566F70E228526DE400246C92 /* LandmarkList.swift in Sources */ = {isa = PBXBuildFile; fileRef = 566F70E128526DE400246C92 /* LandmarkList.swift */; };
		567A269228521E33006EA344 /* Swift_Official_PracticeApp.swift in Sources */ = {isa = PBXBuildFile; fileRef = 567A269128521E33006EA344 /* Swift_Official_PracticeApp.swift */; };
		567A269428521E33006EA344 /* ContentView.swift in Sources */ = {isa = PBXBuildFile; fileRef = 567A269328521E33006EA344 /* ContentView.swift */; };
		567A269628521E34006EA344 /* Assets.xcassets in Resources */ = {isa = PBXBuildFile; fileRef = 567A269528521E34006EA344 /* Assets.xcassets */; };
		567A269928521E34006EA344 /* Preview Assets.xcassets in Resources */ = {isa = PBXBuildFile; fileRef = 567A269828521E34006EA344 /* Preview Assets.xcassets */; };
		567A26A128522339006EA344 /* MyImage.swift.swift in Sources */ = {isa = PBXBuildFile; fileRef = 567A26A028522339006EA344 /* MyImage.swift.swift */; };
		567A26A528522E99006EA344 /* BadgeTest.swift.swift in Sources */ = {isa = PBXBuildFile; fileRef = 567A26A428522E99006EA344 /* BadgeTest.swift.swift */; };
		567A26A728522F54006EA344 /* mMapView.swift in Sources */ = {isa = PBXBuildFile; fileRef = 567A26A628522F54006EA344 /* mMapView.swift */; };
		567A26A92852339B006EA344 /* MapScreen.swift in Sources */ = {isa = PBXBuildFile; fileRef = 567A26A82852339B006EA344 /* MapScreen.swift */; };
		56D5137A285388C20061FE15 /* FavButton.swift in Sources */ = {isa = PBXBuildFile; fileRef = 56D51379285388C20061FE15 /* FavButton.swift */; };
/* End PBXBuildFile section */

/* Begin PBXFileReference section */
		56533E762854876900FDABF1 /* hexagonPractice.swift */ = {isa = PBXFileReference; lastKnownFileType = sourcecode.swift; path = hexagonPractice.swift; sourceTree = "<group>"; };
		56533E78285489B800FDABF1 /* badgeBG.swift */ = {isa = PBXFileReference; lastKnownFileType = sourcecode.swift; path = badgeBG.swift; sourceTree = "<group>"; };
		56533E7A2854B18300FDABF1 /* pathPractice.swift */ = {isa = PBXFileReference; lastKnownFileType = sourcecode.swift; path = pathPractice.swift; sourceTree = "<group>"; };
		56533E7F2854FAD800FDABF1 /* BadgeSymbol.swift */ = {isa = PBXFileReference; lastKnownFileType = sourcecode.swift; path = BadgeSymbol.swift; sourceTree = "<group>"; };
		56533E812855044400FDABF1 /* Badge.swift */ = {isa = PBXFileReference; lastKnownFileType = sourcecode.swift; path = Badge.swift; sourceTree = "<group>"; };
		566F70D72852624D00246C92 /* landmarkData.json */ = {isa = PBXFileReference; fileEncoding = 4; lastKnownFileType = text.json; path = landmarkData.json; sourceTree = "<group>"; };
		566F70DA2852629500246C92 /* Landmark.swift */ = {isa = PBXFileReference; lastKnownFileType = sourcecode.swift; path = Landmark.swift; sourceTree = "<group>"; };
		566F70DC2852676800246C92 /* ModelData.swift */ = {isa = PBXFileReference; lastKnownFileType = sourcecode.swift; path = ModelData.swift; sourceTree = "<group>"; };
		566F70DF28526B7600246C92 /* LandmarkRow.swift */ = {isa = PBXFileReference; lastKnownFileType = sourcecode.swift; path = LandmarkRow.swift; sourceTree = "<group>"; };
		566F70E128526DE400246C92 /* LandmarkList.swift */ = {isa = PBXFileReference; lastKnownFileType = sourcecode.swift; path = LandmarkList.swift; sourceTree = "<group>"; };
		567A268E28521E33006EA344 /* Swift Official Practice.app */ = {isa = PBXFileReference; explicitFileType = wrapper.application; includeInIndex = 0; path = "Swift Official Practice.app"; sourceTree = BUILT_PRODUCTS_DIR; };
		567A269128521E33006EA344 /* Swift_Official_PracticeApp.swift */ = {isa = PBXFileReference; lastKnownFileType = sourcecode.swift; path = Swift_Official_PracticeApp.swift; sourceTree = "<group>"; };
		567A269328521E33006EA344 /* ContentView.swift */ = {isa = PBXFileReference; lastKnownFileType = sourcecode.swift; path = ContentView.swift; sourceTree = "<group>"; };
		567A269528521E34006EA344 /* Assets.xcassets */ = {isa = PBXFileReference; lastKnownFileType = folder.assetcatalog; path = Assets.xcassets; sourceTree = "<group>"; };
		567A269828521E34006EA344 /* Preview Assets.xcassets */ = {isa = PBXFileReference; lastKnownFileType = folder.assetcatalog; path = "Preview Assets.xcassets"; sourceTree = "<group>"; };
		567A26A028522339006EA344 /* MyImage.swift.swift */ = {isa = PBXFileReference; lastKnownFileType = sourcecode.swift; path = MyImage.swift.swift; sourceTree = "<group>"; };
		567A26A428522E99006EA344 /* BadgeTest.swift.swift */ = {isa = PBXFileReference; lastKnownFileType = sourcecode.swift; path = BadgeTest.swift.swift; sourceTree = "<group>"; };
		567A26A628522F54006EA344 /* mMapView.swift */ = {isa = PBXFileReference; lastKnownFileType = sourcecode.swift; path = mMapView.swift; sourceTree = "<group>"; };
		567A26A82852339B006EA344 /* MapScreen.swift */ = {isa = PBXFileReference; lastKnownFileType = sourcecode.swift; path = MapScreen.swift; sourceTree = "<group>"; };
		56D51379285388C20061FE15 /* FavButton.swift */ = {isa = PBXFileReference; lastKnownFileType = sourcecode.swift; path = FavButton.swift; sourceTree = "<group>"; };
/* End PBXFileReference section */

/* Begin PBXFrameworksBuildPhase section */
		567A268B28521E33006EA344 /* Frameworks */ = {
			isa = PBXFrameworksBuildPhase;
			buildActionMask = 2147483647;
			files = (
			);
			runOnlyForDeploymentPostprocessing = 0;
		};
/* End PBXFrameworksBuildPhase section */

/* Begin PBXGroup section */
		56533E752854874100FDABF1 /* drawing */ = {
			isa = PBXGroup;
			children = (
				56533E762854876900FDABF1 /* hexagonPractice.swift */,
				56533E78285489B800FDABF1 /* badgeBG.swift */,
				56533E7A2854B18300FDABF1 /* pathPractice.swift */,
				56533E7F2854FAD800FDABF1 /* BadgeSymbol.swift */,
				56533E812855044400FDABF1 /* Badge.swift */,
			);
			path = drawing;
			sourceTree = "<group>";
		};
		566F70D62852621B00246C92 /* resource */ = {
			isa = PBXGroup;
			children = (
				566F70D72852624D00246C92 /* landmarkData.json */,
			);
			path = resource;
			sourceTree = "<group>";
		};
		566F70D92852628500246C92 /* model */ = {
			isa = PBXGroup;
			children = (
				566F70DA2852629500246C92 /* Landmark.swift */,
				566F70DC2852676800246C92 /* ModelData.swift */,
			);
			path = model;
			sourceTree = "<group>";
		};
		566F70DE28526B5900246C92 /* screens */ = {
			isa = PBXGroup;
			children = (
				566F70DF28526B7600246C92 /* LandmarkRow.swift */,
				566F70E128526DE400246C92 /* LandmarkList.swift */,
			);
			path = screens;
			sourceTree = "<group>";
		};
		567A268528521E33006EA344 = {
			isa = PBXGroup;
			children = (
				567A269028521E33006EA344 /* Swift Official Practice */,
				567A268F28521E33006EA344 /* Products */,
			);
			sourceTree = "<group>";
		};
		567A268F28521E33006EA344 /* Products */ = {
			isa = PBXGroup;
			children = (
				567A268E28521E33006EA344 /* Swift Official Practice.app */,
			);
			name = Products;
			sourceTree = "<group>";
		};
		567A269028521E33006EA344 /* Swift Official Practice */ = {
			isa = PBXGroup;
			children = (
				56533E752854874100FDABF1 /* drawing */,
				56D51378285388A00061FE15 /* buttonViews */,
				566F70DE28526B5900246C92 /* screens */,
				566F70D92852628500246C92 /* model */,
				566F70D62852621B00246C92 /* resource */,
				567A269F2852231B006EA344 /* views */,
				567A269128521E33006EA344 /* Swift_Official_PracticeApp.swift */,
				567A269328521E33006EA344 /* ContentView.swift */,
				567A269528521E34006EA344 /* Assets.xcassets */,
				567A269728521E34006EA344 /* Preview Content */,
			);
			path = "Swift Official Practice";
			sourceTree = "<group>";
		};
		567A269728521E34006EA344 /* Preview Content */ = {
			isa = PBXGroup;
			children = (
				567A269828521E34006EA344 /* Preview Assets.xcassets */,
			);
			path = "Preview Content";
			sourceTree = "<group>";
		};
		567A269F2852231B006EA344 /* views */ = {
			isa = PBXGroup;
			children = (
				567A26A028522339006EA344 /* MyImage.swift.swift */,
				567A26A428522E99006EA344 /* BadgeTest.swift.swift */,
				567A26A628522F54006EA344 /* mMapView.swift */,
				567A26A82852339B006EA344 /* MapScreen.swift */,
			);
			path = views;
			sourceTree = "<group>";
		};
		56D51378285388A00061FE15 /* buttonViews */ = {
			isa = PBXGroup;
			children = (
				56D51379285388C20061FE15 /* FavButton.swift */,
			);
			path = buttonViews;
			sourceTree = "<group>";
		};
/* End PBXGroup section */

/* Begin PBXNativeTarget section */
		567A268D28521E33006EA344 /* Swift Official Practice */ = {
			isa = PBXNativeTarget;
			buildConfigurationList = 567A269C28521E34006EA344 /* Build configuration list for PBXNativeTarget "Swift Official Practice" */;
			buildPhases = (
				567A268A28521E33006EA344 /* Sources */,
				567A268B28521E33006EA344 /* Frameworks */,
				567A268C28521E33006EA344 /* Resources */,
			);
			buildRules = (
			);
			dependencies = (
			);
			name = "Swift Official Practice";
			productName = "Swift Official Practice";
			productReference = 567A268E28521E33006EA344 /* Swift Official Practice.app */;
			productType = "com.apple.product-type.application";
		};
/* End PBXNativeTarget section */

/* Begin PBXProject section */
		567A268628521E33006EA344 /* Project object */ = {
			isa = PBXProject;
			attributes = {
				BuildIndependentTargetsInParallel = 1;
				LastSwiftUpdateCheck = 1330;
				LastUpgradeCheck = 1330;
				TargetAttributes = {
					567A268D28521E33006EA344 = {
						CreatedOnToolsVersion = 13.3.1;
					};
				};
			};
			buildConfigurationList = 567A268928521E33006EA344 /* Build configuration list for PBXProject "Swift Official Practice" */;
			compatibilityVersion = "Xcode 13.0";
			developmentRegion = en;
			hasScannedForEncodings = 0;
			knownRegions = (
				en,
				Base,
			);
			mainGroup = 567A268528521E33006EA344;
			productRefGroup = 567A268F28521E33006EA344 /* Products */;
			projectDirPath = "";
			projectRoot = "";
			targets = (
				567A268D28521E33006EA344 /* Swift Official Practice */,
			);
		};
/* End PBXProject section */

/* Begin PBXResourcesBuildPhase section */
		567A268C28521E33006EA344 /* Resources */ = {
			isa = PBXResourcesBuildPhase;
			buildActionMask = 2147483647;
			files = (
				567A269928521E34006EA344 /* Preview Assets.xcassets in Resources */,
				567A269628521E34006EA344 /* Assets.xcassets in Resources */,
				566F70D82852624D00246C92 /* landmarkData.json in Resources */,
			);
			runOnlyForDeploymentPostprocessing = 0;
		};
/* End PBXResourcesBuildPhase section */

/* Begin PBXSourcesBuildPhase section */
		567A268A28521E33006EA344 /* Sources */ = {
			isa = PBXSourcesBuildPhase;
			buildActionMask = 2147483647;
			files = (
				566F70DB2852629500246C92 /* Landmark.swift in Sources */,
				56533E772854876900FDABF1 /* hexagonPractice.swift in Sources */,
				567A26A92852339B006EA344 /* MapScreen.swift in Sources */,
				567A269428521E33006EA344 /* ContentView.swift in Sources */,
				56533E802854FAD800FDABF1 /* BadgeSymbol.swift in Sources */,
				567A26A128522339006EA344 /* MyImage.swift.swift in Sources */,
				567A26A728522F54006EA344 /* mMapView.swift in Sources */,
				566F70DD2852676800246C92 /* ModelData.swift in Sources */,
				56533E7B2854B18300FDABF1 /* pathPractice.swift in Sources */,
				56533E822855044400FDABF1 /* Badge.swift in Sources */,
				567A26A528522E99006EA344 /* BadgeTest.swift.swift in Sources */,
				56D5137A285388C20061FE15 /* FavButton.swift in Sources */,
				567A269228521E33006EA344 /* Swift_Official_PracticeApp.swift in Sources */,
				566F70E028526B7600246C92 /* LandmarkRow.swift in Sources */,
				566F70E228526DE400246C92 /* LandmarkList.swift in Sources */,
				56533E79285489B800FDABF1 /* badgeBG.swift in Sources */,
			);
			runOnlyForDeploymentPostprocessing = 0;
		};
/* End PBXSourcesBuildPhase section */

/* Begin XCBuildConfiguration section */
		567A269A28521E34006EA344 /* Debug */ = {
			isa = XCBuildConfiguration;
			buildSettings = {
				ALWAYS_SEARCH_USER_PATHS = NO;
				CLANG_ANALYZER_NONNULL = YES;
				CLANG_ANALYZER_NUMBER_OBJECT_CONVERSION = YES_AGGRESSIVE;
				CLANG_CXX_LANGUAGE_STANDARD = "gnu++17";
				CLANG_ENABLE_MODULES = YES;
				CLANG_ENABLE_OBJC_ARC = YES;
				CLANG_ENABLE_OBJC_WEAK = YES;
				CLANG_WARN_BLOCK_CAPTURE_AUTORELEASING = YES;
				CLANG_WARN_BOOL_CONVERSION = YES;
				CLANG_WARN_COMMA = YES;
				CLANG_WARN_CONSTANT_CONVERSION = YES;
				CLANG_WARN_DEPRECATED_OBJC_IMPLEMENTATIONS = YES;
				CLANG_WARN_DIRECT_OBJC_ISA_USAGE = YES_ERROR;
				CLANG_WARN_DOCUMENTATION_COMMENTS = YES;
				CLANG_WARN_EMPTY_BODY = YES;
				CLANG_WARN_ENUM_CONVERSION = YES;
				CLANG_WARN_INFINITE_RECURSION = YES;
				CLANG_WARN_INT_CONVERSION = YES;
				CLANG_WARN_NON_LITERAL_NULL_CONVERSION = YES;
				CLANG_WARN_OBJC_IMPLICIT_RETAIN_SELF = YES;
				CLANG_WARN_OBJC_LITERAL_CONVERSION = YES;
				CLANG_WARN_OBJC_ROOT_CLASS = YES_ERROR;
				CLANG_WARN_QUOTED_INCLUDE_IN_FRAMEWORK_HEADER = YES;
				CLANG_WARN_RANGE_LOOP_ANALYSIS = YES;
				CLANG_WARN_STRICT_PROTOTYPES = YES;
				CLANG_WARN_SUSPICIOUS_MOVE = YES;
				CLANG_WARN_UNGUARDED_AVAILABILITY = YES_AGGRESSIVE;
				CLANG_WARN_UNREACHABLE_CODE = YES;
				CLANG_WARN__DUPLICATE_METHOD_MATCH = YES;
				COPY_PHASE_STRIP = NO;
				DEBUG_INFORMATION_FORMAT = dwarf;
				ENABLE_STRICT_OBJC_MSGSEND = YES;
				ENABLE_TESTABILITY = YES;
				GCC_C_LANGUAGE_STANDARD = gnu11;
				GCC_DYNAMIC_NO_PIC = NO;
				GCC_NO_COMMON_BLOCKS = YES;
				GCC_OPTIMIZATION_LEVEL = 0;
				GCC_PREPROCESSOR_DEFINITIONS = (
					"DEBUG=1",
					"$(inherited)",
				);
				GCC_WARN_64_TO_32_BIT_CONVERSION = YES;
				GCC_WARN_ABOUT_RETURN_TYPE = YES_ERROR;
				GCC_WARN_UNDECLARED_SELECTOR = YES;
				GCC_WARN_UNINITIALIZED_AUTOS = YES_AGGRESSIVE;
				GCC_WARN_UNUSED_FUNCTION = YES;
				GCC_WARN_UNUSED_VARIABLE = YES;
				IPHONEOS_DEPLOYMENT_TARGET = 15.4;
				MTL_ENABLE_DEBUG_INFO = INCLUDE_SOURCE;
				MTL_FAST_MATH = YES;
				ONLY_ACTIVE_ARCH = YES;
				SDKROOT = iphoneos;
				SWIFT_ACTIVE_COMPILATION_CONDITIONS = DEBUG;
				SWIFT_OPTIMIZATION_LEVEL = "-Onone";
			};
			name = Debug;
		};
		567A269B28521E34006EA344 /* Release */ = {
			isa = XCBuildConfiguration;
			buildSettings = {
				ALWAYS_SEARCH_USER_PATHS = NO;
				CLANG_ANALYZER_NONNULL = YES;
				CLANG_ANALYZER_NUMBER_OBJECT_CONVERSION = YES_AGGRESSIVE;
				CLANG_CXX_LANGUAGE_STANDARD = "gnu++17";
				CLANG_ENABLE_MODULES = YES;
				CLANG_ENABLE_OBJC_ARC = YES;
				CLANG_ENABLE_OBJC_WEAK = YES;
				CLANG_WARN_BLOCK_CAPTURE_AUTORELEASING = YES;
				CLANG_WARN_BOOL_CONVERSION = YES;
				CLANG_WARN_COMMA = YES;
				CLANG_WARN_CONSTANT_CONVERSION = YES;
				CLANG_WARN_DEPRECATED_OBJC_IMPLEMENTATIONS = YES;
				CLANG_WARN_DIRECT_OBJC_ISA_USAGE = YES_ERROR;
				CLANG_WARN_DOCUMENTATION_COMMENTS = YES;
				CLANG_WARN_EMPTY_BODY = YES;
				CLANG_WARN_ENUM_CONVERSION = YES;
				CLANG_WARN_INFINITE_RECURSION = YES;
				CLANG_WARN_INT_CONVERSION = YES;
				CLANG_WARN_NON_LITERAL_NULL_CONVERSION = YES;
				CLANG_WARN_OBJC_IMPLICIT_RETAIN_SELF = YES;
				CLANG_WARN_OBJC_LITERAL_CONVERSION = YES;
				CLANG_WARN_OBJC_ROOT_CLASS = YES_ERROR;
				CLANG_WARN_QUOTED_INCLUDE_IN_FRAMEWORK_HEADER = YES;
				CLANG_WARN_RANGE_LOOP_ANALYSIS = YES;
				CLANG_WARN_STRICT_PROTOTYPES = YES;
				CLANG_WARN_SUSPICIOUS_MOVE = YES;
				CLANG_WARN_UNGUARDED_AVAILABILITY = YES_AGGRESSIVE;
				CLANG_WARN_UNREACHABLE_CODE = YES;
				CLANG_WARN__DUPLICATE_METHOD_MATCH = YES;
				COPY_PHASE_STRIP = NO;
				DEBUG_INFORMATION_FORMAT = "dwarf-with-dsym";
				ENABLE_NS_ASSERTIONS = NO;
				ENABLE_STRICT_OBJC_MSGSEND = YES;
				GCC_C_LANGUAGE_STANDARD = gnu11;
				GCC_NO_COMMON_BLOCKS = YES;
				GCC_WARN_64_TO_32_BIT_CONVERSION = YES;
				GCC_WARN_ABOUT_RETURN_TYPE = YES_ERROR;
				GCC_WARN_UNDECLARED_SELECTOR = YES;
				GCC_WARN_UNINITIALIZED_AUTOS = YES_AGGRESSIVE;
				GCC_WARN_UNUSED_FUNCTION = YES;
				GCC_WARN_UNUSED_VARIABLE = YES;
				IPHONEOS_DEPLOYMENT_TARGET = 15.4;
				MTL_ENABLE_DEBUG_INFO = NO;
				MTL_FAST_MATH = YES;
				SDKROOT = iphoneos;
				SWIFT_COMPILATION_MODE = wholemodule;
				SWIFT_OPTIMIZATION_LEVEL = "-O";
				VALIDATE_PRODUCT = YES;
			};
			name = Release;
		};
		567A269D28521E34006EA344 /* Debug */ = {
			isa = XCBuildConfiguration;
			buildSettings = {
				ASSETCATALOG_COMPILER_APPICON_NAME = AppIcon;
				ASSETCATALOG_COMPILER_GLOBAL_ACCENT_COLOR_NAME = AccentColor;
				CODE_SIGN_STYLE = Automatic;
				CURRENT_PROJECT_VERSION = 1;
				DEVELOPMENT_ASSET_PATHS = "\"Swift Official Practice/Preview Content\"";
				ENABLE_PREVIEWS = YES;
				GENERATE_INFOPLIST_FILE = YES;
				INFOPLIST_KEY_UIApplicationSceneManifest_Generation = YES;
				INFOPLIST_KEY_UIApplicationSupportsIndirectInputEvents = YES;
				INFOPLIST_KEY_UILaunchScreen_Generation = YES;
				INFOPLIST_KEY_UISupportedInterfaceOrientations_iPad = "UIInterfaceOrientationPortrait UIInterfaceOrientationPortraitUpsideDown UIInterfaceOrientationLandscapeLeft UIInterfaceOrientationLandscapeRight";
				INFOPLIST_KEY_UISupportedInterfaceOrientations_iPhone = "UIInterfaceOrientationPortrait UIInterfaceOrientationLandscapeLeft UIInterfaceOrientationLandscapeRight";
				LD_RUNPATH_SEARCH_PATHS = (
					"$(inherited)",
					"@executable_path/Frameworks",
				);
				MARKETING_VERSION = 1.0;
				PRODUCT_BUNDLE_IDENTIFIER = "com.naser.Swift-Official-Practice";
				PRODUCT_NAME = "$(TARGET_NAME)";
				SWIFT_EMIT_LOC_STRINGS = YES;
				SWIFT_VERSION = 5.0;
				TARGETED_DEVICE_FAMILY = "1,2";
			};
			name = Debug;
		};
		567A269E28521E34006EA344 /* Release */ = {
			isa = XCBuildConfiguration;
			buildSettings = {
				ASSETCATALOG_COMPILER_APPICON_NAME = AppIcon;
				ASSETCATALOG_COMPILER_GLOBAL_ACCENT_COLOR_NAME = AccentColor;
				CODE_SIGN_STYLE = Automatic;
				CURRENT_PROJECT_VERSION = 1;
				DEVELOPMENT_ASSET_PATHS = "\"Swift Official Practice/Preview Content\"";
				ENABLE_PREVIEWS = YES;
				GENERATE_INFOPLIST_FILE = YES;
				INFOPLIST_KEY_UIApplicationSceneManifest_Generation = YES;
				INFOPLIST_KEY_UIApplicationSupportsIndirectInputEvents = YES;
				INFOPLIST_KEY_UILaunchScreen_Generation = YES;
				INFOPLIST_KEY_UISupportedInterfaceOrientations_iPad = "UIInterfaceOrientationPortrait UIInterfaceOrientationPortraitUpsideDown UIInterfaceOrientationLandscapeLeft UIInterfaceOrientationLandscapeRight";
				INFOPLIST_KEY_UISupportedInterfaceOrientations_iPhone = "UIInterfaceOrientationPortrait UIInterfaceOrientationLandscapeLeft UIInterfaceOrientationLandscapeRight";
				LD_RUNPATH_SEARCH_PATHS = (
					"$(inherited)",
					"@executable_path/Frameworks",
				);
				MARKETING_VERSION = 1.0;
				PRODUCT_BUNDLE_IDENTIFIER = "com.naser.Swift-Official-Practice";
				PRODUCT_NAME = "$(TARGET_NAME)";
				SWIFT_EMIT_LOC_STRINGS = YES;
				SWIFT_VERSION = 5.0;
				TARGETED_DEVICE_FAMILY = "1,2";
			};
			name = Release;
		};
/* End XCBuildConfiguration section */

/* Begin XCConfigurationList section */
		567A268928521E33006EA344 /* Build configuration list for PBXProject "Swift Official Practice" */ = {
			isa = XCConfigurationList;
			buildConfigurations = (
				567A269A28521E34006EA344 /* Debug */,
				567A269B28521E34006EA344 /* Release */,
			);
			defaultConfigurationIsVisible = 0;
			defaultConfigurationName = Release;
		};
		567A269C28521E34006EA344 /* Build configuration list for PBXNativeTarget "Swift Official Practice" */ = {
			isa = XCConfigurationList;
			buildConfigurations = (
				567A269D28521E34006EA344 /* Debug */,
				567A269E28521E34006EA344 /* Release */,
			);
			defaultConfigurationIsVisible = 0;
			defaultConfigurationName = Release;
		};
/* End XCConfigurationList section */
	};
	rootObject = 567A268628521E33006EA344 /* Project object */;
}
